<?xml version="1.0" encoding="utf-8"?>
<Project ToolsVersion="4.0" xmlns="http://schemas.microsoft.com/developer/msbuild/2003">
  <ItemGroup>
    <Filter Include="Source Files">
      <UniqueIdentifier>{4FC737F1-C7A5-4376-A066-2A32D752A2FF}</UniqueIdentifier>
      <Extensions>cpp;c;cc;cxx;c++;cppm;ixx;def;odl;idl;hpj;bat;asm;asmx</Extensions>
    </Filter>
    <Filter Include="Header Files">
      <UniqueIdentifier>{93995380-89BD-4b04-88EB-625FBE52EBFB}</UniqueIdentifier>
      <Extensions>h;hh;hpp;hxx;h++;hm;inl;inc;ipp;xsd</Extensions>
    </Filter>
    <Filter Include="Resource Files">
      <UniqueIdentifier>{67DA6AB6-F800-4c08-8B7A-83BB121AAD01}</UniqueIdentifier>
      <Extensions>rc;ico;cur;bmp;dlg;rc2;rct;bin;rgs;gif;jpg;jpeg;jpe;resx;tiff;tif;png;wav;mfcribbon-ms</Extensions>
    </Filter>
  </ItemGroup>
  <ItemGroup>
    <None Include="..\..\..\..\src\deigde\editors\animator\SConscript" />
    <None Include="post_build.ps1" />
  </ItemGroup>
  <ItemGroup>
    <ClCompile Include="..\..\..\..\src\deigde\editors\animator\src\aeIGDEModule.cpp">
      <Filter>Source Files</Filter>
    </ClCompile>
    <ClCompile Include="..\..\..\..\src\deigde\editors\animator\src\animator\aeAnimator.cpp">
      <Filter>Source Files</Filter>
    </ClCompile>
    <ClCompile Include="..\..\..\..\src\deigde\editors\animator\src\animator\aeAnimatorNotifier.cpp">
      <Filter>Source Files</Filter>
    </ClCompile>
    <ClCompile Include="..\..\..\..\src\deigde\editors\animator\src\animator\aeCamera.cpp">
      <Filter>Source Files</Filter>
    </ClCompile>
    <ClCompile Include="..\..\..\..\src\deigde\editors\animator\src\animator\aeSubAnimator.cpp">
      <Filter>Source Files</Filter>
    </ClCompile>
    <ClCompile Include="..\..\..\..\src\deigde\editors\animator\src\animator\attachment\aeAttachment.cpp">
      <Filter>Source Files</Filter>
    </ClCompile>
    <ClCompile Include="..\..\..\..\src\deigde\editors\animator\src\animator\controller\aeController.cpp">
      <Filter>Source Files</Filter>
    </ClCompile>
    <ClCompile Include="..\..\..\..\src\deigde\editors\animator\src\animator\controller\aeControllerList.cpp">
      <Filter>Source Files</Filter>
    </ClCompile>
    <ClCompile Include="..\..\..\..\src\deigde\editors\animator\src\animator\controller\aeControllerTarget.cpp">
      <Filter>Source Files</Filter>
    </ClCompile>
    <ClCompile Include="..\..\..\..\src\deigde\editors\animator\src\animator\controller\aeControllerTargetList.cpp">
      <Filter>Source Files</Filter>
    </ClCompile>
    <ClCompile Include="..\..\..\..\src\deigde\editors\animator\src\animator\link\aeLink.cpp">
      <Filter>Source Files</Filter>
    </ClCompile>
    <ClCompile Include="..\..\..\..\src\deigde\editors\animator\src\animator\link\aeLinkList.cpp">
      <Filter>Source Files</Filter>
    </ClCompile>
    <ClCompile Include="..\..\..\..\src\deigde\editors\animator\src\animator\locomotion\aeALColliderListener.cpp">
      <Filter>Source Files</Filter>
    </ClCompile>
    <ClCompile Include="..\..\..\..\src\deigde\editors\animator\src\animator\locomotion\aeALGroundChecker.cpp">
      <Filter>Source Files</Filter>
    </ClCompile>
    <ClCompile Include="..\..\..\..\src\deigde\editors\animator\src\animator\locomotion\aeALOccupiedTest.cpp">
      <Filter>Source Files</Filter>
    </ClCompile>
    <ClCompile Include="..\..\..\..\src\deigde\editors\animator\src\animator\locomotion\aeALTouchSensorListener.cpp">
      <Filter>Source Files</Filter>
    </ClCompile>
    <ClCompile Include="..\..\..\..\src\deigde\editors\animator\src\animator\locomotion\aeAnimatorLocomotion.cpp">
      <Filter>Source Files</Filter>
    </ClCompile>
    <ClCompile Include="..\..\..\..\src\deigde\editors\animator\src\animator\locomotion\aeAnimatorLocomotionLeg.cpp">
      <Filter>Source Files</Filter>
    </ClCompile>
    <ClCompile Include="..\..\..\..\src\deigde\editors\animator\src\animator\rule\aeRule.cpp">
      <Filter>Source Files</Filter>
    </ClCompile>
    <ClCompile Include="..\..\..\..\src\deigde\editors\animator\src\animator\rule\aeRuleAnimation.cpp">
      <Filter>Source Files</Filter>
    </ClCompile>
    <ClCompile Include="..\..\..\..\src\deigde\editors\animator\src\animator\rule\aeRuleAnimationDifference.cpp">
      <Filter>Source Files</Filter>
    </ClCompile>
    <ClCompile Include="..\..\..\..\src\deigde\editors\animator\src\animator\rule\aeRuleAnimationSelect.cpp">
      <Filter>Source Files</Filter>
    </ClCompile>
    <ClCompile Include="..\..\..\..\src\deigde\editors\animator\src\animator\rule\aeRuleBoneTransformator.cpp">
      <Filter>Source Files</Filter>
    </ClCompile>
    <ClCompile Include="..\..\..\..\src\deigde\editors\animator\src\animator\rule\aeRuleForeignState.cpp">
      <Filter>Source Files</Filter>
    </ClCompile>
    <ClCompile Include="..\..\..\..\src\deigde\editors\animator\src\animator\rule\aeRuleGroup.cpp">
      <Filter>Source Files</Filter>
    </ClCompile>
    <ClCompile Include="..\..\..\..\src\deigde\editors\animator\src\animator\rule\aeRuleInverseKinematic.cpp">
      <Filter>Source Files</Filter>
    </ClCompile>
    <ClCompile Include="..\..\..\..\src\deigde\editors\animator\src\animator\rule\aeRuleLimit.cpp">
      <Filter>Source Files</Filter>
    </ClCompile>
    <ClCompile Include="..\..\..\..\src\deigde\editors\animator\src\animator\rule\aeRuleList.cpp">
      <Filter>Source Files</Filter>
    </ClCompile>
    <ClCompile Include="..\..\..\..\src\deigde\editors\animator\src\animator\rule\aeRuleMirror.cpp">
      <Filter>Source Files</Filter>
    </ClCompile>
    <ClCompile Include="..\..\..\..\src\deigde\editors\animator\src\animator\rule\aeRuleStateManipulator.cpp">
      <Filter>Source Files</Filter>
    </ClCompile>
    <ClCompile Include="..\..\..\..\src\deigde\editors\animator\src\animator\rule\aeRuleStateSnapshot.cpp">
      <Filter>Source Files</Filter>
    </ClCompile>
    <ClCompile Include="..\..\..\..\src\deigde\editors\animator\src\animator\rule\aeRuleSubAnimator.cpp">
      <Filter>Source Files</Filter>
    </ClCompile>
    <ClCompile Include="..\..\..\..\src\deigde\editors\animator\src\animator\rule\aeRuleTrackTo.cpp">
      <Filter>Source Files</Filter>
    </ClCompile>
    <ClCompile Include="..\..\..\..\src\deigde\editors\animator\src\animator\wakeboard\aeWakeboard.cpp">
      <Filter>Source Files</Filter>
    </ClCompile>
    <ClCompile Include="..\..\..\..\src\deigde\editors\animator\src\animatoreditor.cpp">
      <Filter>Source Files</Filter>
    </ClCompile>
    <ClCompile Include="..\..\..\..\src\deigde\editors\animator\src\clipboard\aeClipboardDataBones.cpp">
      <Filter>Source Files</Filter>
    </ClCompile>
    <ClCompile Include="..\..\..\..\src\deigde\editors\animator\src\clipboard\aeClipboardDataController.cpp">
      <Filter>Source Files</Filter>
    </ClCompile>
    <ClCompile Include="..\..\..\..\src\deigde\editors\animator\src\clipboard\aeClipboardDataLink.cpp">
      <Filter>Source Files</Filter>
    </ClCompile>
    <ClCompile Include="..\..\..\..\src\deigde\editors\animator\src\clipboard\aeClipboardDataRule.cpp">
      <Filter>Source Files</Filter>
    </ClCompile>
    <ClCompile Include="..\..\..\..\src\deigde\editors\animator\src\configuration\aeConfiguration.cpp">
      <Filter>Source Files</Filter>
    </ClCompile>
    <ClCompile Include="..\..\..\..\src\deigde\editors\animator\src\configuration\aeConfigurationXML.cpp">
      <Filter>Source Files</Filter>
    </ClCompile>
    <ClCompile Include="..\..\..\..\src\deigde\editors\animator\src\gui\aeTaskSyncGameDefinition.cpp">
      <Filter>Source Files</Filter>
    </ClCompile>
    <ClCompile Include="..\..\..\..\src\deigde\editors\animator\src\gui\aeView3D.cpp">
      <Filter>Source Files</Filter>
    </ClCompile>
    <ClCompile Include="..\..\..\..\src\deigde\editors\animator\src\gui\aeWindowMain.cpp">
      <Filter>Source Files</Filter>
    </ClCompile>
    <ClCompile Include="..\..\..\..\src\deigde\editors\animator\src\gui\aeWindowMainListener.cpp">
      <Filter>Source Files</Filter>
    </ClCompile>
    <ClCompile Include="..\..\..\..\src\deigde\editors\animator\src\gui\dialog\aeDialogMirrorMatchName.cpp">
      <Filter>Source Files</Filter>
    </ClCompile>
    <ClCompile Include="..\..\..\..\src\deigde\editors\animator\src\gui\properties\aeWindowProperties.cpp">
      <Filter>Source Files</Filter>
    </ClCompile>
    <ClCompile Include="..\..\..\..\src\deigde\editors\animator\src\gui\properties\aeWPAnimator.cpp">
      <Filter>Source Files</Filter>
    </ClCompile>
    <ClCompile Include="..\..\..\..\src\deigde\editors\animator\src\gui\properties\aeWPAnimatorListener.cpp">
      <Filter>Source Files</Filter>
    </ClCompile>
    <ClCompile Include="..\..\..\..\src\deigde\editors\animator\src\gui\properties\aeWPController.cpp">
      <Filter>Source Files</Filter>
    </ClCompile>
    <ClCompile Include="..\..\..\..\src\deigde\editors\animator\src\gui\properties\aeWPControllerListener.cpp">
      <Filter>Source Files</Filter>
    </ClCompile>
    <ClCompile Include="..\..\..\..\src\deigde\editors\animator\src\gui\properties\aeWPLink.cpp">
      <Filter>Source Files</Filter>
    </ClCompile>
    <ClCompile Include="..\..\..\..\src\deigde\editors\animator\src\gui\properties\aeWPLinkListener.cpp">
      <Filter>Source Files</Filter>
    </ClCompile>
    <ClCompile Include="..\..\..\..\src\deigde\editors\animator\src\gui\properties\aeWPPlayground.cpp">
      <Filter>Source Files</Filter>
    </ClCompile>
    <ClCompile Include="..\..\..\..\src\deigde\editors\animator\src\gui\properties\aeWPPlaygroundListener.cpp">
      <Filter>Source Files</Filter>
    </ClCompile>
    <ClCompile Include="..\..\..\..\src\deigde\editors\animator\src\gui\properties\aeWPRule.cpp">
      <Filter>Source Files</Filter>
    </ClCompile>
    <ClCompile Include="..\..\..\..\src\deigde\editors\animator\src\gui\properties\aeWPRuleListener.cpp">
      <Filter>Source Files</Filter>
    </ClCompile>
    <ClCompile Include="..\..\..\..\src\deigde\editors\animator\src\gui\properties\aeWPUndoHistory.cpp">
      <Filter>Source Files</Filter>
    </ClCompile>
    <ClCompile Include="..\..\..\..\src\deigde\editors\animator\src\gui\properties\aeWPUndoHistoryListener.cpp">
      <Filter>Source Files</Filter>
    </ClCompile>
    <ClCompile Include="..\..\..\..\src\deigde\editors\animator\src\gui\properties\aeWPView.cpp">
      <Filter>Source Files</Filter>
    </ClCompile>
    <ClCompile Include="..\..\..\..\src\deigde\editors\animator\src\gui\properties\aeWPViewListener.cpp">
      <Filter>Source Files</Filter>
    </ClCompile>
    <ClCompile Include="..\..\..\..\src\deigde\editors\animator\src\gui\properties\panels\aeWPAPanelRule.cpp">
      <Filter>Source Files</Filter>
    </ClCompile>
    <ClCompile Include="..\..\..\..\src\deigde\editors\animator\src\gui\properties\panels\aeWPAPanelRuleAnimation.cpp">
      <Filter>Source Files</Filter>
    </ClCompile>
    <ClCompile Include="..\..\..\..\src\deigde\editors\animator\src\gui\properties\panels\aeWPAPanelRuleAnimationDifference.cpp">
      <Filter>Source Files</Filter>
    </ClCompile>
    <ClCompile Include="..\..\..\..\src\deigde\editors\animator\src\gui\properties\panels\aeWPAPanelRuleAnimationSelect.cpp">
      <Filter>Source Files</Filter>
    </ClCompile>
    <ClCompile Include="..\..\..\..\src\deigde\editors\animator\src\gui\properties\panels\aeWPAPanelRuleBoneTransformator.cpp">
      <Filter>Source Files</Filter>
    </ClCompile>
    <ClCompile Include="..\..\..\..\src\deigde\editors\animator\src\gui\properties\panels\aeWPAPanelRuleForeignState.cpp">
      <Filter>Source Files</Filter>
    </ClCompile>
    <ClCompile Include="..\..\..\..\src\deigde\editors\animator\src\gui\properties\panels\aeWPAPanelRuleGroup.cpp">
      <Filter>Source Files</Filter>
    </ClCompile>
    <ClCompile Include="..\..\..\..\src\deigde\editors\animator\src\gui\properties\panels\aeWPAPanelRuleInverseKinematic.cpp">
      <Filter>Source Files</Filter>
    </ClCompile>
    <ClCompile Include="..\..\..\..\src\deigde\editors\animator\src\gui\properties\panels\aeWPAPanelRuleLimit.cpp">
      <Filter>Source Files</Filter>
    </ClCompile>
    <ClCompile Include="..\..\..\..\src\deigde\editors\animator\src\gui\properties\panels\aeWPAPanelRuleMirror.cpp">
      <Filter>Source Files</Filter>
    </ClCompile>
    <ClCompile Include="..\..\..\..\src\deigde\editors\animator\src\gui\properties\panels\aeWPAPanelRuleStateManipulator.cpp">
      <Filter>Source Files</Filter>
    </ClCompile>
    <ClCompile Include="..\..\..\..\src\deigde\editors\animator\src\gui\properties\panels\aeWPAPanelRuleStateSnapshot.cpp">
      <Filter>Source Files</Filter>
    </ClCompile>
    <ClCompile Include="..\..\..\..\src\deigde\editors\animator\src\gui\properties\panels\aeWPAPanelRuleSubAnimator.cpp">
      <Filter>Source Files</Filter>
    </ClCompile>
    <ClCompile Include="..\..\..\..\src\deigde\editors\animator\src\gui\properties\panels\aeWPAPanelRuleTrackTo.cpp">
      <Filter>Source Files</Filter>
    </ClCompile>
    <ClCompile Include="..\..\..\..\src\deigde\editors\animator\src\loadsave\aeLoadSaveAttachmentConfig.cpp">
      <Filter>Source Files</Filter>
    </ClCompile>
    <ClCompile Include="..\..\..\..\src\deigde\editors\animator\src\loadsave\aeLoadSaveSystem.cpp">
      <Filter>Source Files</Filter>
    </ClCompile>
    <ClCompile Include="..\..\..\..\src\deigde\editors\animator\src\loadsave\aeLSAnimator.cpp">
      <Filter>Source Files</Filter>
    </ClCompile>
    <ClCompile Include="..\..\..\..\src\deigde\editors\animator\src\undosys\animator\aeUAnimatorAddBone.cpp">
      <Filter>Source Files</Filter>
    </ClCompile>
    <ClCompile Include="..\..\..\..\src\deigde\editors\animator\src\undosys\animator\aeUAnimatorMirrorBones.cpp">
      <Filter>Source Files</Filter>
    </ClCompile>
    <ClCompile Include="..\..\..\..\src\deigde\editors\animator\src\undosys\animator\aeUAnimatorRemoveBone.cpp">
      <Filter>Source Files</Filter>
    </ClCompile>
    <ClCompile Include="..\..\..\..\src\deigde\editors\animator\src\undosys\animator\aeUAnimatorSetAnimationPath.cpp">
      <Filter>Source Files</Filter>
    </ClCompile>
    <ClCompile Include="..\..\..\..\src\deigde\editors\animator\src\undosys\animator\aeUAnimatorSetBones.cpp">
      <Filter>Source Files</Filter>
    </ClCompile>
    <ClCompile Include="..\..\..\..\src\deigde\editors\animator\src\undosys\animator\aeUAnimatorSetRigPath.cpp">
      <Filter>Source Files</Filter>
    </ClCompile>
    <ClCompile Include="..\..\..\..\src\deigde\editors\animator\src\undosys\controller\aeUAddController.cpp">
      <Filter>Source Files</Filter>
    </ClCompile>
    <ClCompile Include="..\..\..\..\src\deigde\editors\animator\src\undosys\controller\aeUControllerPaste.cpp">
      <Filter>Source Files</Filter>
    </ClCompile>
    <ClCompile Include="..\..\..\..\src\deigde\editors\animator\src\undosys\controller\aeUControllerSetFromMove.cpp">
      <Filter>Source Files</Filter>
    </ClCompile>
    <ClCompile Include="..\..\..\..\src\deigde\editors\animator\src\undosys\controller\aeUControllerSetMaximumValue.cpp">
      <Filter>Source Files</Filter>
    </ClCompile>
    <ClCompile Include="..\..\..\..\src\deigde\editors\animator\src\undosys\controller\aeUControllerSetMinimumValue.cpp">
      <Filter>Source Files</Filter>
    </ClCompile>
    <ClCompile Include="..\..\..\..\src\deigde\editors\animator\src\undosys\controller\aeUControllerSetName.cpp">
      <Filter>Source Files</Filter>
    </ClCompile>
    <ClCompile Include="..\..\..\..\src\deigde\editors\animator\src\undosys\controller\aeUControllerToggleClamp.cpp">
      <Filter>Source Files</Filter>
    </ClCompile>
    <ClCompile Include="..\..\..\..\src\deigde\editors\animator\src\undosys\controller\aeUControllerToggleFrozen.cpp">
      <Filter>Source Files</Filter>
    </ClCompile>
    <ClCompile Include="..\..\..\..\src\deigde\editors\animator\src\undosys\controller\aeUMoveControllerDown.cpp">
      <Filter>Source Files</Filter>
    </ClCompile>
    <ClCompile Include="..\..\..\..\src\deigde\editors\animator\src\undosys\controller\aeUMoveControllerUp.cpp">
      <Filter>Source Files</Filter>
    </ClCompile>
    <ClCompile Include="..\..\..\..\src\deigde\editors\animator\src\undosys\controller\aeURemoveController.cpp">
      <Filter>Source Files</Filter>
    </ClCompile>
    <ClCompile Include="..\..\..\..\src\deigde\editors\animator\src\undosys\link\aeULinkAdd.cpp">
      <Filter>Source Files</Filter>
    </ClCompile>
    <ClCompile Include="..\..\..\..\src\deigde\editors\animator\src\undosys\link\aeULinkPaste.cpp">
      <Filter>Source Files</Filter>
    </ClCompile>
    <ClCompile Include="..\..\..\..\src\deigde\editors\animator\src\undosys\link\aeULinkRemove.cpp">
      <Filter>Source Files</Filter>
    </ClCompile>
    <ClCompile Include="..\..\..\..\src\deigde\editors\animator\src\undosys\link\aeULinkRemoveUnused.cpp">
      <Filter>Source Files</Filter>
    </ClCompile>
    <ClCompile Include="..\..\..\..\src\deigde\editors\animator\src\undosys\link\aeULinkSetBone.cpp">
      <Filter>Source Files</Filter>
    </ClCompile>
    <ClCompile Include="..\..\..\..\src\deigde\editors\animator\src\undosys\link\aeULinkSetBoneMaximum.cpp">
      <Filter>Source Files</Filter>
    </ClCompile>
    <ClCompile Include="..\..\..\..\src\deigde\editors\animator\src\undosys\link\aeULinkSetBoneMinimum.cpp">
      <Filter>Source Files</Filter>
    </ClCompile>
    <ClCompile Include="..\..\..\..\src\deigde\editors\animator\src\undosys\link\aeULinkSetBoneParameter.cpp">
      <Filter>Source Files</Filter>
    </ClCompile>
    <ClCompile Include="..\..\..\..\src\deigde\editors\animator\src\undosys\link\aeULinkSetController.cpp">
      <Filter>Source Files</Filter>
    </ClCompile>
    <ClCompile Include="..\..\..\..\src\deigde\editors\animator\src\undosys\link\aeULinkSetCurve.cpp">
      <Filter>Source Files</Filter>
    </ClCompile>
    <ClCompile Include="..\..\..\..\src\deigde\editors\animator\src\undosys\link\aeULinkSetName.cpp">
      <Filter>Source Files</Filter>
    </ClCompile>
    <ClCompile Include="..\..\..\..\src\deigde\editors\animator\src\undosys\link\aeULinkSetRepeat.cpp">
      <Filter>Source Files</Filter>
    </ClCompile>
    <ClCompile Include="..\..\..\..\src\deigde\editors\animator\src\undosys\link\aeULinkToggleWrapY.cpp">
      <Filter>Source Files</Filter>
    </ClCompile>
    <ClCompile Include="..\..\..\..\src\deigde\editors\animator\src\undosys\rule\aeUAddRule.cpp">
      <Filter>Source Files</Filter>
    </ClCompile>
    <ClCompile Include="..\..\..\..\src\deigde\editors\animator\src\undosys\rule\aeUMoveRuleDown.cpp">
      <Filter>Source Files</Filter>
    </ClCompile>
    <ClCompile Include="..\..\..\..\src\deigde\editors\animator\src\undosys\rule\aeUMoveRuleUp.cpp">
      <Filter>Source Files</Filter>
    </ClCompile>
    <ClCompile Include="..\..\..\..\src\deigde\editors\animator\src\undosys\rule\aeUPasteRule.cpp">
      <Filter>Source Files</Filter>
    </ClCompile>
    <ClCompile Include="..\..\..\..\src\deigde\editors\animator\src\undosys\rule\aeURemoveRule.cpp">
      <Filter>Source Files</Filter>
    </ClCompile>
    <ClCompile Include="..\..\..\..\src\deigde\editors\animator\src\undosys\rule\aeURuleMirrorBones.cpp">
      <Filter>Source Files</Filter>
    </ClCompile>
    <ClCompile Include="..\..\..\..\src\deigde\editors\animator\src\undosys\rule\aeURulePasteBones.cpp">
      <Filter>Source Files</Filter>
    </ClCompile>
    <ClCompile Include="..\..\..\..\src\deigde\editors\animator\src\undosys\rule\aeURuleTargetAddLink.cpp">
      <Filter>Source Files</Filter>
    </ClCompile>
    <ClCompile Include="..\..\..\..\src\deigde\editors\animator\src\undosys\rule\aeURuleTargetRemoveAllLinks.cpp">
      <Filter>Source Files</Filter>
    </ClCompile>
    <ClCompile Include="..\..\..\..\src\deigde\editors\animator\src\undosys\rule\aeURuleTargetRemoveLink.cpp">
      <Filter>Source Files</Filter>
    </ClCompile>
    <ClCompile Include="..\..\..\..\src\deigde\editors\animator\src\undosys\rule\aeUSetRuleAddBone.cpp">
      <Filter>Source Files</Filter>
    </ClCompile>
    <ClCompile Include="..\..\..\..\src\deigde\editors\animator\src\undosys\rule\aeUSetRuleBlendFactor.cpp">
      <Filter>Source Files</Filter>
    </ClCompile>
    <ClCompile Include="..\..\..\..\src\deigde\editors\animator\src\undosys\rule\aeUSetRuleBlendMode.cpp">
      <Filter>Source Files</Filter>
    </ClCompile>
    <ClCompile Include="..\..\..\..\src\deigde\editors\animator\src\undosys\rule\aeUSetRuleBones.cpp">
      <Filter>Source Files</Filter>
    </ClCompile>
    <ClCompile Include="..\..\..\..\src\deigde\editors\animator\src\undosys\rule\aeUSetRuleEnabled.cpp">
      <Filter>Source Files</Filter>
    </ClCompile>
    <ClCompile Include="..\..\..\..\src\deigde\editors\animator\src\undosys\rule\aeUSetRuleName.cpp">
      <Filter>Source Files</Filter>
    </ClCompile>
    <ClCompile Include="..\..\..\..\src\deigde\editors\animator\src\undosys\rule\aeUSetRuleRemoveAllBones.cpp">
      <Filter>Source Files</Filter>
    </ClCompile>
    <ClCompile Include="..\..\..\..\src\deigde\editors\animator\src\undosys\rule\aeUSetRuleRemoveBone.cpp">
      <Filter>Source Files</Filter>
    </ClCompile>
    <ClCompile Include="..\..\..\..\src\deigde\editors\animator\src\undosys\rule\aeUToggleRuleInvertBlendFactor.cpp">
      <Filter>Source Files</Filter>
    </ClCompile>
    <ClCompile Include="..\..\..\..\src\deigde\editors\animator\src\undosys\rule\animation\aeURuleAnimToggleEnablePosition.cpp">
      <Filter>Source Files</Filter>
    </ClCompile>
    <ClCompile Include="..\..\..\..\src\deigde\editors\animator\src\undosys\rule\animation\aeURuleAnimToggleEnableRotation.cpp">
      <Filter>Source Files</Filter>
    </ClCompile>
    <ClCompile Include="..\..\..\..\src\deigde\editors\animator\src\undosys\rule\animation\aeURuleAnimToggleEnableSize.cpp">
      <Filter>Source Files</Filter>
    </ClCompile>
    <ClCompile Include="..\..\..\..\src\deigde\editors\animator\src\undosys\rule\animation\aeUSetRuleAnimMoveName.cpp">
      <Filter>Source Files</Filter>
    </ClCompile>
    <ClCompile Include="..\..\..\..\src\deigde\editors\animator\src\undosys\rule\animation\aeUSetRuleAnimMoveTime.cpp">
      <Filter>Source Files</Filter>
    </ClCompile>
    <ClCompile Include="..\..\..\..\src\deigde\editors\animator\src\undosys\rule\animdiff\aeURuleAnimDiffToggleEnablePosition.cpp">
      <Filter>Source Files</Filter>
    </ClCompile>
    <ClCompile Include="..\..\..\..\src\deigde\editors\animator\src\undosys\rule\animdiff\aeURuleAnimDiffToggleEnableRotation.cpp">
      <Filter>Source Files</Filter>
    </ClCompile>
    <ClCompile Include="..\..\..\..\src\deigde\editors\animator\src\undosys\rule\animdiff\aeURuleAnimDiffToggleEnableSize.cpp">
      <Filter>Source Files</Filter>
    </ClCompile>
    <ClCompile Include="..\..\..\..\src\deigde\editors\animator\src\undosys\rule\animdiff\aeUSetRuleAniDLeadMoveName.cpp">
      <Filter>Source Files</Filter>
    </ClCompile>
    <ClCompile Include="..\..\..\..\src\deigde\editors\animator\src\undosys\rule\animdiff\aeUSetRuleAniDLeadMoveTime.cpp">
      <Filter>Source Files</Filter>
    </ClCompile>
    <ClCompile Include="..\..\..\..\src\deigde\editors\animator\src\undosys\rule\animdiff\aeUSetRuleAniDRefMoveName.cpp">
      <Filter>Source Files</Filter>
    </ClCompile>
    <ClCompile Include="..\..\..\..\src\deigde\editors\animator\src\undosys\rule\animdiff\aeUSetRuleAniDRefMoveTime.cpp">
      <Filter>Source Files</Filter>
    </ClCompile>
    <ClCompile Include="..\..\..\..\src\deigde\editors\animator\src\undosys\rule\animselect\aeURuleAnimSelectSetMoves.cpp">
      <Filter>Source Files</Filter>
    </ClCompile>
    <ClCompile Include="..\..\..\..\src\deigde\editors\animator\src\undosys\rule\animselect\aeURuleAnimSelectToggleEnablePosition.cpp">
      <Filter>Source Files</Filter>
    </ClCompile>
    <ClCompile Include="..\..\..\..\src\deigde\editors\animator\src\undosys\rule\animselect\aeURuleAnimSelectToggleEnableRotation.cpp">
      <Filter>Source Files</Filter>
    </ClCompile>
    <ClCompile Include="..\..\..\..\src\deigde\editors\animator\src\undosys\rule\animselect\aeURuleAnimSelectToggleEnableSize.cpp">
      <Filter>Source Files</Filter>
    </ClCompile>
    <ClCompile Include="..\..\..\..\src\deigde\editors\animator\src\undosys\rule\bonetrans\aeURuleBTransSetAxis.cpp">
      <Filter>Source Files</Filter>
    </ClCompile>
    <ClCompile Include="..\..\..\..\src\deigde\editors\animator\src\undosys\rule\bonetrans\aeURuleBTransSetCFrame.cpp">
      <Filter>Source Files</Filter>
    </ClCompile>
    <ClCompile Include="..\..\..\..\src\deigde\editors\animator\src\undosys\rule\bonetrans\aeURuleBTransSetEnableOrien.cpp">
      <Filter>Source Files</Filter>
    </ClCompile>
    <ClCompile Include="..\..\..\..\src\deigde\editors\animator\src\undosys\rule\bonetrans\aeURuleBTransSetEnablePos.cpp">
      <Filter>Source Files</Filter>
    </ClCompile>
    <ClCompile Include="..\..\..\..\src\deigde\editors\animator\src\undosys\rule\bonetrans\aeURuleBTransSetEnableSize.cpp">
      <Filter>Source Files</Filter>
    </ClCompile>
    <ClCompile Include="..\..\..\..\src\deigde\editors\animator\src\undosys\rule\bonetrans\aeURuleBTransSetMaxAngle.cpp">
      <Filter>Source Files</Filter>
    </ClCompile>
    <ClCompile Include="..\..\..\..\src\deigde\editors\animator\src\undosys\rule\bonetrans\aeURuleBTransSetMinAngle.cpp">
      <Filter>Source Files</Filter>
    </ClCompile>
    <ClCompile Include="..\..\..\..\src\deigde\editors\animator\src\undosys\rule\bonetrans\aeURuleBTransSetRotMax.cpp">
      <Filter>Source Files</Filter>
    </ClCompile>
    <ClCompile Include="..\..\..\..\src\deigde\editors\animator\src\undosys\rule\bonetrans\aeURuleBTransSetRotMin.cpp">
      <Filter>Source Files</Filter>
    </ClCompile>
    <ClCompile Include="..\..\..\..\src\deigde\editors\animator\src\undosys\rule\bonetrans\aeURuleBTransSetScaleMax.cpp">
      <Filter>Source Files</Filter>
    </ClCompile>
    <ClCompile Include="..\..\..\..\src\deigde\editors\animator\src\undosys\rule\bonetrans\aeURuleBTransSetScaleMin.cpp">
      <Filter>Source Files</Filter>
    </ClCompile>
    <ClCompile Include="..\..\..\..\src\deigde\editors\animator\src\undosys\rule\bonetrans\aeURuleBTransSetTargetBone.cpp">
      <Filter>Source Files</Filter>
    </ClCompile>
    <ClCompile Include="..\..\..\..\src\deigde\editors\animator\src\undosys\rule\bonetrans\aeURuleBTransSetTransMax.cpp">
      <Filter>Source Files</Filter>
    </ClCompile>
    <ClCompile Include="..\..\..\..\src\deigde\editors\animator\src\undosys\rule\bonetrans\aeURuleBTransSetTransMin.cpp">
      <Filter>Source Files</Filter>
    </ClCompile>
    <ClCompile Include="..\..\..\..\src\deigde\editors\animator\src\undosys\rule\bonetrans\aeURuleBTransSetUseAxis.cpp">
      <Filter>Source Files</Filter>
    </ClCompile>
    <ClCompile Include="..\..\..\..\src\deigde\editors\animator\src\undosys\rule\foreignstate\aeUSetRuleFStaBone.cpp">
      <Filter>Source Files</Filter>
    </ClCompile>
    <ClCompile Include="..\..\..\..\src\deigde\editors\animator\src\undosys\rule\foreignstate\aeUSetRuleFStaDestCFrame.cpp">
      <Filter>Source Files</Filter>
    </ClCompile>
    <ClCompile Include="..\..\..\..\src\deigde\editors\animator\src\undosys\rule\foreignstate\aeUSetRuleFStaEnablePos.cpp">
      <Filter>Source Files</Filter>
    </ClCompile>
    <ClCompile Include="..\..\..\..\src\deigde\editors\animator\src\undosys\rule\foreignstate\aeUSetRuleFStaEnableRot.cpp">
      <Filter>Source Files</Filter>
    </ClCompile>
    <ClCompile Include="..\..\..\..\src\deigde\editors\animator\src\undosys\rule\foreignstate\aeUSetRuleFStaEnableSize.cpp">
      <Filter>Source Files</Filter>
    </ClCompile>
    <ClCompile Include="..\..\..\..\src\deigde\editors\animator\src\undosys\rule\foreignstate\aeUSetRuleFStaPosition.cpp">
      <Filter>Source Files</Filter>
    </ClCompile>
    <ClCompile Include="..\..\..\..\src\deigde\editors\animator\src\undosys\rule\foreignstate\aeUSetRuleFStaRotation.cpp">
      <Filter>Source Files</Filter>
    </ClCompile>
    <ClCompile Include="..\..\..\..\src\deigde\editors\animator\src\undosys\rule\foreignstate\aeUSetRuleFStaSize.cpp">
      <Filter>Source Files</Filter>
    </ClCompile>
    <ClCompile Include="..\..\..\..\src\deigde\editors\animator\src\undosys\rule\foreignstate\aeUSetRuleFStaSrcCFrame.cpp">
      <Filter>Source Files</Filter>
    </ClCompile>
    <ClCompile Include="..\..\..\..\src\deigde\editors\animator\src\undosys\rule\group\aeURuleGroupAddRule.cpp">
      <Filter>Source Files</Filter>
    </ClCompile>
    <ClCompile Include="..\..\..\..\src\deigde\editors\animator\src\undosys\rule\group\aeURuleGroupMoveRuleDown.cpp">
      <Filter>Source Files</Filter>
    </ClCompile>
    <ClCompile Include="..\..\..\..\src\deigde\editors\animator\src\undosys\rule\group\aeURuleGroupMoveRuleUp.cpp">
      <Filter>Source Files</Filter>
    </ClCompile>
    <ClCompile Include="..\..\..\..\src\deigde\editors\animator\src\undosys\rule\group\aeURuleGroupPasteRule.cpp">
      <Filter>Source Files</Filter>
    </ClCompile>
    <ClCompile Include="..\..\..\..\src\deigde\editors\animator\src\undosys\rule\group\aeURuleGroupRemoveRule.cpp">
      <Filter>Source Files</Filter>
    </ClCompile>
    <ClCompile Include="..\..\..\..\src\deigde\editors\animator\src\undosys\rule\group\aeURuleGroupSetApplicationType.cpp">
      <Filter>Source Files</Filter>
    </ClCompile>
    <ClCompile Include="..\..\..\..\src\deigde\editors\animator\src\undosys\rule\group\aeURuleGroupToggleEnablePosition.cpp">
      <Filter>Source Files</Filter>
    </ClCompile>
    <ClCompile Include="..\..\..\..\src\deigde\editors\animator\src\undosys\rule\group\aeURuleGroupToggleEnableRotation.cpp">
      <Filter>Source Files</Filter>
    </ClCompile>
    <ClCompile Include="..\..\..\..\src\deigde\editors\animator\src\undosys\rule\group\aeURuleGroupToggleEnableSize.cpp">
      <Filter>Source Files</Filter>
    </ClCompile>
    <ClCompile Include="..\..\..\..\src\deigde\editors\animator\src\undosys\rule\group\aeURuleGroupToggleUseCurrentState.cpp">
      <Filter>Source Files</Filter>
    </ClCompile>
    <ClCompile Include="..\..\..\..\src\deigde\editors\animator\src\undosys\rule\ik\aeURuleIKSetAdjustOrientation.cpp">
      <Filter>Source Files</Filter>
    </ClCompile>
    <ClCompile Include="..\..\..\..\src\deigde\editors\animator\src\undosys\rule\ik\aeURuleIKSetGoalPosition.cpp">
      <Filter>Source Files</Filter>
    </ClCompile>
    <ClCompile Include="..\..\..\..\src\deigde\editors\animator\src\undosys\rule\ik\aeURuleIKSetGoalRotation.cpp">
      <Filter>Source Files</Filter>
    </ClCompile>
    <ClCompile Include="..\..\..\..\src\deigde\editors\animator\src\undosys\rule\ik\aeURuleIKSetLocalPosition.cpp">
      <Filter>Source Files</Filter>
    </ClCompile>
    <ClCompile Include="..\..\..\..\src\deigde\editors\animator\src\undosys\rule\ik\aeURuleIKSetLocalRotation.cpp">
      <Filter>Source Files</Filter>
    </ClCompile>
    <ClCompile Include="..\..\..\..\src\deigde\editors\animator\src\undosys\rule\ik\aeURuleIKSetReachBone.cpp">
      <Filter>Source Files</Filter>
    </ClCompile>
    <ClCompile Include="..\..\..\..\src\deigde\editors\animator\src\undosys\rule\ik\aeURuleIKSetReachCenter.cpp">
      <Filter>Source Files</Filter>
    </ClCompile>
    <ClCompile Include="..\..\..\..\src\deigde\editors\animator\src\undosys\rule\ik\aeURuleIKSetReachRange.cpp">
      <Filter>Source Files</Filter>
    </ClCompile>
    <ClCompile Include="..\..\..\..\src\deigde\editors\animator\src\undosys\rule\ik\aeURuleIKSetSolverBone.cpp">
      <Filter>Source Files</Filter>
    </ClCompile>
    <ClCompile Include="..\..\..\..\src\deigde\editors\animator\src\undosys\rule\ik\aeURuleIKSetUseSolverBone.cpp">
      <Filter>Source Files</Filter>
    </ClCompile>
    <ClCompile Include="..\..\..\..\src\deigde\editors\animator\src\undosys\rule\limit\aeURuleLimitSetCFrame.cpp">
      <Filter>Source Files</Filter>
    </ClCompile>
    <ClCompile Include="..\..\..\..\src\deigde\editors\animator\src\undosys\rule\limit\aeURuleLimitSetEnablePosXMax.cpp">
      <Filter>Source Files</Filter>
    </ClCompile>
    <ClCompile Include="..\..\..\..\src\deigde\editors\animator\src\undosys\rule\limit\aeURuleLimitSetEnablePosXMin.cpp">
      <Filter>Source Files</Filter>
    </ClCompile>
    <ClCompile Include="..\..\..\..\src\deigde\editors\animator\src\undosys\rule\limit\aeURuleLimitSetEnablePosYMax.cpp">
      <Filter>Source Files</Filter>
    </ClCompile>
    <ClCompile Include="..\..\..\..\src\deigde\editors\animator\src\undosys\rule\limit\aeURuleLimitSetEnablePosYMin.cpp">
      <Filter>Source Files</Filter>
    </ClCompile>
    <ClCompile Include="..\..\..\..\src\deigde\editors\animator\src\undosys\rule\limit\aeURuleLimitSetEnablePosZMax.cpp">
      <Filter>Source Files</Filter>
    </ClCompile>
    <ClCompile Include="..\..\..\..\src\deigde\editors\animator\src\undosys\rule\limit\aeURuleLimitSetEnablePosZMin.cpp">
      <Filter>Source Files</Filter>
    </ClCompile>
    <ClCompile Include="..\..\..\..\src\deigde\editors\animator\src\undosys\rule\limit\aeURuleLimitSetEnableRotXMax.cpp">
      <Filter>Source Files</Filter>
    </ClCompile>
    <ClCompile Include="..\..\..\..\src\deigde\editors\animator\src\undosys\rule\limit\aeURuleLimitSetEnableRotXMin.cpp">
      <Filter>Source Files</Filter>
    </ClCompile>
    <ClCompile Include="..\..\..\..\src\deigde\editors\animator\src\undosys\rule\limit\aeURuleLimitSetEnableRotYMax.cpp">
      <Filter>Source Files</Filter>
    </ClCompile>
    <ClCompile Include="..\..\..\..\src\deigde\editors\animator\src\undosys\rule\limit\aeURuleLimitSetEnableRotYMin.cpp">
      <Filter>Source Files</Filter>
    </ClCompile>
    <ClCompile Include="..\..\..\..\src\deigde\editors\animator\src\undosys\rule\limit\aeURuleLimitSetEnableRotZMax.cpp">
      <Filter>Source Files</Filter>
    </ClCompile>
    <ClCompile Include="..\..\..\..\src\deigde\editors\animator\src\undosys\rule\limit\aeURuleLimitSetEnableRotZMin.cpp">
      <Filter>Source Files</Filter>
    </ClCompile>
    <ClCompile Include="..\..\..\..\src\deigde\editors\animator\src\undosys\rule\limit\aeURuleLimitSetEnableScaleXMax.cpp">
      <Filter>Source Files</Filter>
    </ClCompile>
    <ClCompile Include="..\..\..\..\src\deigde\editors\animator\src\undosys\rule\limit\aeURuleLimitSetEnableScaleXMin.cpp">
      <Filter>Source Files</Filter>
    </ClCompile>
    <ClCompile Include="..\..\..\..\src\deigde\editors\animator\src\undosys\rule\limit\aeURuleLimitSetEnableScaleYMax.cpp">
      <Filter>Source Files</Filter>
    </ClCompile>
    <ClCompile Include="..\..\..\..\src\deigde\editors\animator\src\undosys\rule\limit\aeURuleLimitSetEnableScaleYMin.cpp">
      <Filter>Source Files</Filter>
    </ClCompile>
    <ClCompile Include="..\..\..\..\src\deigde\editors\animator\src\undosys\rule\limit\aeURuleLimitSetEnableScaleZMax.cpp">
      <Filter>Source Files</Filter>
    </ClCompile>
    <ClCompile Include="..\..\..\..\src\deigde\editors\animator\src\undosys\rule\limit\aeURuleLimitSetEnableScaleZMin.cpp">
      <Filter>Source Files</Filter>
    </ClCompile>
    <ClCompile Include="..\..\..\..\src\deigde\editors\animator\src\undosys\rule\limit\aeURuleLimitSetPosMax.cpp">
      <Filter>Source Files</Filter>
    </ClCompile>
    <ClCompile Include="..\..\..\..\src\deigde\editors\animator\src\undosys\rule\limit\aeURuleLimitSetPosMin.cpp">
      <Filter>Source Files</Filter>
    </ClCompile>
    <ClCompile Include="..\..\..\..\src\deigde\editors\animator\src\undosys\rule\limit\aeURuleLimitSetRotMax.cpp">
      <Filter>Source Files</Filter>
    </ClCompile>
    <ClCompile Include="..\..\..\..\src\deigde\editors\animator\src\undosys\rule\limit\aeURuleLimitSetRotMin.cpp">
      <Filter>Source Files</Filter>
    </ClCompile>
    <ClCompile Include="..\..\..\..\src\deigde\editors\animator\src\undosys\rule\limit\aeURuleLimitSetScaleMax.cpp">
      <Filter>Source Files</Filter>
    </ClCompile>
    <ClCompile Include="..\..\..\..\src\deigde\editors\animator\src\undosys\rule\limit\aeURuleLimitSetScaleMin.cpp">
      <Filter>Source Files</Filter>
    </ClCompile>
    <ClCompile Include="..\..\..\..\src\deigde\editors\animator\src\undosys\rule\limit\aeURuleLimitSetTargetBone.cpp">
      <Filter>Source Files</Filter>
    </ClCompile>
    <ClCompile Include="..\..\..\..\src\deigde\editors\animator\src\undosys\rule\mirror\aeURuleMirrorAddMatchName.cpp">
      <Filter>Source Files</Filter>
    </ClCompile>
    <ClCompile Include="..\..\..\..\src\deigde\editors\animator\src\undosys\rule\mirror\aeURuleMirrorRemoveAllMatchNames.cpp">
      <Filter>Source Files</Filter>
    </ClCompile>
    <ClCompile Include="..\..\..\..\src\deigde\editors\animator\src\undosys\rule\mirror\aeURuleMirrorRemoveMatchName.cpp">
      <Filter>Source Files</Filter>
    </ClCompile>
    <ClCompile Include="..\..\..\..\src\deigde\editors\animator\src\undosys\rule\mirror\aeURuleMirrorSetAxis.cpp">
      <Filter>Source Files</Filter>
    </ClCompile>
    <ClCompile Include="..\..\..\..\src\deigde\editors\animator\src\undosys\rule\mirror\aeURuleMirrorSetEnablePosition.cpp">
      <Filter>Source Files</Filter>
    </ClCompile>
    <ClCompile Include="..\..\..\..\src\deigde\editors\animator\src\undosys\rule\mirror\aeURuleMirrorSetEnableRotation.cpp">
      <Filter>Source Files</Filter>
    </ClCompile>
    <ClCompile Include="..\..\..\..\src\deigde\editors\animator\src\undosys\rule\mirror\aeURuleMirrorSetEnableSize.cpp">
      <Filter>Source Files</Filter>
    </ClCompile>
    <ClCompile Include="..\..\..\..\src\deigde\editors\animator\src\undosys\rule\mirror\aeURuleMirrorSetMatchName.cpp">
      <Filter>Source Files</Filter>
    </ClCompile>
    <ClCompile Include="..\..\..\..\src\deigde\editors\animator\src\undosys\rule\mirror\aeURuleMirrorSetMirrorBone.cpp">
      <Filter>Source Files</Filter>
    </ClCompile>
    <ClCompile Include="..\..\..\..\src\deigde\editors\animator\src\undosys\rule\snapshot\aeURuleSnapSetID.cpp">
      <Filter>Source Files</Filter>
    </ClCompile>
    <ClCompile Include="..\..\..\..\src\deigde\editors\animator\src\undosys\rule\snapshot\aeURuleSnapToggleEnablePosition.cpp">
      <Filter>Source Files</Filter>
    </ClCompile>
    <ClCompile Include="..\..\..\..\src\deigde\editors\animator\src\undosys\rule\snapshot\aeURuleSnapToggleEnableRotation.cpp">
      <Filter>Source Files</Filter>
    </ClCompile>
    <ClCompile Include="..\..\..\..\src\deigde\editors\animator\src\undosys\rule\snapshot\aeURuleSnapToggleEnableSize.cpp">
      <Filter>Source Files</Filter>
    </ClCompile>
    <ClCompile Include="..\..\..\..\src\deigde\editors\animator\src\undosys\rule\snapshot\aeUSetRuleSnapUseLast.cpp">
      <Filter>Source Files</Filter>
    </ClCompile>
    <ClCompile Include="..\..\..\..\src\deigde\editors\animator\src\undosys\rule\statemanip\aeUSetRuleSModEnablePos.cpp">
      <Filter>Source Files</Filter>
    </ClCompile>
    <ClCompile Include="..\..\..\..\src\deigde\editors\animator\src\undosys\rule\statemanip\aeUSetRuleSModEnableRot.cpp">
      <Filter>Source Files</Filter>
    </ClCompile>
    <ClCompile Include="..\..\..\..\src\deigde\editors\animator\src\undosys\rule\statemanip\aeUSetRuleSModEnableSize.cpp">
      <Filter>Source Files</Filter>
    </ClCompile>
    <ClCompile Include="..\..\..\..\src\deigde\editors\animator\src\undosys\rule\statemanip\aeUSetRuleSModMaxPosition.cpp">
      <Filter>Source Files</Filter>
    </ClCompile>
    <ClCompile Include="..\..\..\..\src\deigde\editors\animator\src\undosys\rule\statemanip\aeUSetRuleSModMaxRotation.cpp">
      <Filter>Source Files</Filter>
    </ClCompile>
    <ClCompile Include="..\..\..\..\src\deigde\editors\animator\src\undosys\rule\statemanip\aeUSetRuleSModMaxSize.cpp">
      <Filter>Source Files</Filter>
    </ClCompile>
    <ClCompile Include="..\..\..\..\src\deigde\editors\animator\src\undosys\rule\statemanip\aeUSetRuleSModMinPosition.cpp">
      <Filter>Source Files</Filter>
    </ClCompile>
    <ClCompile Include="..\..\..\..\src\deigde\editors\animator\src\undosys\rule\statemanip\aeUSetRuleSModMinRotation.cpp">
      <Filter>Source Files</Filter>
    </ClCompile>
    <ClCompile Include="..\..\..\..\src\deigde\editors\animator\src\undosys\rule\statemanip\aeUSetRuleSModMinSize.cpp">
      <Filter>Source Files</Filter>
    </ClCompile>
    <ClCompile Include="..\..\..\..\src\deigde\editors\animator\src\undosys\rule\subanimator\aeURuleSASetConController.cpp">
      <Filter>Source Files</Filter>
    </ClCompile>
    <ClCompile Include="..\..\..\..\src\deigde\editors\animator\src\undosys\rule\subanimator\aeURuleSASetPathAnimator.cpp">
      <Filter>Source Files</Filter>
    </ClCompile>
    <ClCompile Include="..\..\..\..\src\deigde\editors\animator\src\undosys\rule\subanimator\aeURuleSubAnimToggleEnablePosition.cpp">
      <Filter>Source Files</Filter>
    </ClCompile>
    <ClCompile Include="..\..\..\..\src\deigde\editors\animator\src\undosys\rule\subanimator\aeURuleSubAnimToggleEnableRotation.cpp">
      <Filter>Source Files</Filter>
    </ClCompile>
    <ClCompile Include="..\..\..\..\src\deigde\editors\animator\src\undosys\rule\subanimator\aeURuleSubAnimToggleEnableSize.cpp">
      <Filter>Source Files</Filter>
    </ClCompile>
    <ClCompile Include="..\..\..\..\src\deigde\editors\animator\src\undosys\rule\trackto\aeURuleTrackToSetLockedAxis.cpp">
      <Filter>Source Files</Filter>
    </ClCompile>
    <ClCompile Include="..\..\..\..\src\deigde\editors\animator\src\undosys\rule\trackto\aeURuleTrackToSetTrackAxis.cpp">
      <Filter>Source Files</Filter>
    </ClCompile>
    <ClCompile Include="..\..\..\..\src\deigde\editors\animator\src\undosys\rule\trackto\aeURuleTrackToSetTrackBone.cpp">
      <Filter>Source Files</Filter>
    </ClCompile>
    <ClCompile Include="..\..\..\..\src\deigde\editors\animator\src\undosys\rule\trackto\aeURuleTrackToSetUpAxis.cpp">
      <Filter>Source Files</Filter>
    </ClCompile>
    <ClCompile Include="..\..\..\..\src\deigde\editors\animator\src\undosys\rule\trackto\aeURuleTrackToSetUpTarget.cpp">
      <Filter>Source Files</Filter>
    </ClCompile>
    <ClCompile Include="..\..\..\..\src\deigde\editors\animator\src\visitors\aeCLClosestHit.cpp">
      <Filter>Source Files</Filter>
    </ClCompile>
  </ItemGroup>
  <ItemGroup>
    <ClInclude Include="..\..\..\..\src\deigde\editors\animator\src\aeIGDEModule.h">
      <Filter>Source Files</Filter>
    </ClInclude>
    <ClInclude Include="..\..\..\..\src\deigde\editors\animator\src\animator\aeAnimator.h">
      <Filter>Source Files</Filter>
    </ClInclude>
    <ClInclude Include="..\..\..\..\src\deigde\editors\animator\src\animator\aeAnimatorNotifier.h">
      <Filter>Source Files</Filter>
    </ClInclude>
    <ClInclude Include="..\..\..\..\src\deigde\editors\animator\src\animator\aeCamera.h">
      <Filter>Source Files</Filter>
    </ClInclude>
    <ClInclude Include="..\..\..\..\src\deigde\editors\animator\src\animator\aeSubAnimator.h">
      <Filter>Source Files</Filter>
    </ClInclude>
    <ClInclude Include="..\..\..\..\src\deigde\editors\animator\src\animator\attachment\aeAttachment.h">
      <Filter>Source Files</Filter>
    </ClInclude>
    <ClInclude Include="..\..\..\..\src\deigde\editors\animator\src\animator\controller\aeController.h">
      <Filter>Source Files</Filter>
    </ClInclude>
    <ClInclude Include="..\..\..\..\src\deigde\editors\animator\src\animator\controller\aeControllerList.h">
      <Filter>Source Files</Filter>
    </ClInclude>
    <ClInclude Include="..\..\..\..\src\deigde\editors\animator\src\animator\controller\aeControllerTarget.h">
      <Filter>Source Files</Filter>
    </ClInclude>
    <ClInclude Include="..\..\..\..\src\deigde\editors\animator\src\animator\controller\aeControllerTargetList.h">
      <Filter>Source Files</Filter>
    </ClInclude>
    <ClInclude Include="..\..\..\..\src\deigde\editors\animator\src\animator\link\aeLink.h">
      <Filter>Source Files</Filter>
    </ClInclude>
    <ClInclude Include="..\..\..\..\src\deigde\editors\animator\src\animator\link\aeLinkList.h">
      <Filter>Source Files</Filter>
    </ClInclude>
    <ClInclude Include="..\..\..\..\src\deigde\editors\animator\src\animator\locomotion\aeALColliderListener.h">
      <Filter>Source Files</Filter>
    </ClInclude>
    <ClInclude Include="..\..\..\..\src\deigde\editors\animator\src\animator\locomotion\aeALGroundChecker.h">
      <Filter>Source Files</Filter>
    </ClInclude>
    <ClInclude Include="..\..\..\..\src\deigde\editors\animator\src\animator\locomotion\aeALOccupiedTest.h">
      <Filter>Source Files</Filter>
    </ClInclude>
    <ClInclude Include="..\..\..\..\src\deigde\editors\animator\src\animator\locomotion\aeALTouchSensorListener.h">
      <Filter>Source Files</Filter>
    </ClInclude>
    <ClInclude Include="..\..\..\..\src\deigde\editors\animator\src\animator\locomotion\aeAnimatorLocomotion.h">
      <Filter>Source Files</Filter>
    </ClInclude>
    <ClInclude Include="..\..\..\..\src\deigde\editors\animator\src\animator\locomotion\aeAnimatorLocomotionLeg.h">
      <Filter>Source Files</Filter>
    </ClInclude>
    <ClInclude Include="..\..\..\..\src\deigde\editors\animator\src\animator\rule\aeRule.h">
      <Filter>Source Files</Filter>
    </ClInclude>
    <ClInclude Include="..\..\..\..\src\deigde\editors\animator\src\animator\rule\aeRuleAnimation.h">
      <Filter>Source Files</Filter>
    </ClInclude>
    <ClInclude Include="..\..\..\..\src\deigde\editors\animator\src\animator\rule\aeRuleAnimationDifference.h">
      <Filter>Source Files</Filter>
    </ClInclude>
    <ClInclude Include="..\..\..\..\src\deigde\editors\animator\src\animator\rule\aeRuleAnimationSelect.h">
      <Filter>Source Files</Filter>
    </ClInclude>
    <ClInclude Include="..\..\..\..\src\deigde\editors\animator\src\animator\rule\aeRuleBoneTransformator.h">
      <Filter>Source Files</Filter>
    </ClInclude>
    <ClInclude Include="..\..\..\..\src\deigde\editors\animator\src\animator\rule\aeRuleForeignState.h">
      <Filter>Source Files</Filter>
    </ClInclude>
    <ClInclude Include="..\..\..\..\src\deigde\editors\animator\src\animator\rule\aeRuleGroup.h">
      <Filter>Source Files</Filter>
    </ClInclude>
    <ClInclude Include="..\..\..\..\src\deigde\editors\animator\src\animator\rule\aeRuleInverseKinematic.h">
      <Filter>Source Files</Filter>
    </ClInclude>
    <ClInclude Include="..\..\..\..\src\deigde\editors\animator\src\animator\rule\aeRuleLimit.h">
      <Filter>Source Files</Filter>
    </ClInclude>
    <ClInclude Include="..\..\..\..\src\deigde\editors\animator\src\animator\rule\aeRuleList.h">
      <Filter>Source Files</Filter>
    </ClInclude>
    <ClInclude Include="..\..\..\..\src\deigde\editors\animator\src\animator\rule\aeRuleMirror.h">
      <Filter>Source Files</Filter>
    </ClInclude>
    <ClInclude Include="..\..\..\..\src\deigde\editors\animator\src\animator\rule\aeRuleStateManipulator.h">
      <Filter>Source Files</Filter>
    </ClInclude>
    <ClInclude Include="..\..\..\..\src\deigde\editors\animator\src\animator\rule\aeRuleStateSnapshot.h">
      <Filter>Source Files</Filter>
    </ClInclude>
    <ClInclude Include="..\..\..\..\src\deigde\editors\animator\src\animator\rule\aeRuleSubAnimator.h">
      <Filter>Source Files</Filter>
    </ClInclude>
    <ClInclude Include="..\..\..\..\src\deigde\editors\animator\src\animator\rule\aeRuleTrackTo.h">
      <Filter>Source Files</Filter>
    </ClInclude>
    <ClInclude Include="..\..\..\..\src\deigde\editors\animator\src\animator\wakeboard\aeWakeboard.h">
      <Filter>Source Files</Filter>
    </ClInclude>
    <ClInclude Include="..\..\..\..\src\deigde\editors\animator\src\animatoreditor.h">
      <Filter>Source Files</Filter>
    </ClInclude>
    <ClInclude Include="..\..\..\..\src\deigde\editors\animator\src\clipboard\aeClipboardDataBones.h">
      <Filter>Source Files</Filter>
    </ClInclude>
    <ClInclude Include="..\..\..\..\src\deigde\editors\animator\src\clipboard\aeClipboardDataController.h">
      <Filter>Source Files</Filter>
    </ClInclude>
    <ClInclude Include="..\..\..\..\src\deigde\editors\animator\src\clipboard\aeClipboardDataLink.h">
      <Filter>Source Files</Filter>
    </ClInclude>
    <ClInclude Include="..\..\..\..\src\deigde\editors\animator\src\clipboard\aeClipboardDataRule.h">
      <Filter>Source Files</Filter>
    </ClInclude>
    <ClInclude Include="..\..\..\..\src\deigde\editors\animator\src\configuration\aeConfiguration.h">
      <Filter>Source Files</Filter>
    </ClInclude>
    <ClInclude Include="..\..\..\..\src\deigde\editors\animator\src\configuration\aeConfigurationXML.h">
      <Filter>Source Files</Filter>
    </ClInclude>
    <ClInclude Include="..\..\..\..\src\deigde\editors\animator\src\gui\aeTaskSyncGameDefinition.h">
      <Filter>Source Files</Filter>
    </ClInclude>
    <ClInclude Include="..\..\..\..\src\deigde\editors\animator\src\gui\aeView3D.h">
      <Filter>Source Files</Filter>
    </ClInclude>
    <ClInclude Include="..\..\..\..\src\deigde\editors\animator\src\gui\aeWindowMain.h">
      <Filter>Source Files</Filter>
    </ClInclude>
    <ClInclude Include="..\..\..\..\src\deigde\editors\animator\src\gui\aeWindowMainListener.h">
      <Filter>Source Files</Filter>
    </ClInclude>
    <ClInclude Include="..\..\..\..\src\deigde\editors\animator\src\gui\dialog\aeDialogMirrorMatchName.h">
      <Filter>Source Files</Filter>
    </ClInclude>
    <ClInclude Include="..\..\..\..\src\deigde\editors\animator\src\gui\properties\aeWindowProperties.h">
      <Filter>Source Files</Filter>
    </ClInclude>
    <ClInclude Include="..\..\..\..\src\deigde\editors\animator\src\gui\properties\aeWPAnimator.h">
      <Filter>Source Files</Filter>
    </ClInclude>
    <ClInclude Include="..\..\..\..\src\deigde\editors\animator\src\gui\properties\aeWPAnimatorListener.h">
      <Filter>Source Files</Filter>
    </ClInclude>
    <ClInclude Include="..\..\..\..\src\deigde\editors\animator\src\gui\properties\aeWPController.h">
      <Filter>Source Files</Filter>
    </ClInclude>
    <ClInclude Include="..\..\..\..\src\deigde\editors\animator\src\gui\properties\aeWPControllerListener.h">
      <Filter>Source Files</Filter>
    </ClInclude>
    <ClInclude Include="..\..\..\..\src\deigde\editors\animator\src\gui\properties\aeWPLink.h">
      <Filter>Source Files</Filter>
    </ClInclude>
    <ClInclude Include="..\..\..\..\src\deigde\editors\animator\src\gui\properties\aeWPLinkListener.h">
      <Filter>Source Files</Filter>
    </ClInclude>
    <ClInclude Include="..\..\..\..\src\deigde\editors\animator\src\gui\properties\aeWPPlayground.h">
      <Filter>Source Files</Filter>
    </ClInclude>
    <ClInclude Include="..\..\..\..\src\deigde\editors\animator\src\gui\properties\aeWPPlaygroundListener.h">
      <Filter>Source Files</Filter>
    </ClInclude>
    <ClInclude Include="..\..\..\..\src\deigde\editors\animator\src\gui\properties\aeWPRule.h">
      <Filter>Source Files</Filter>
    </ClInclude>
    <ClInclude Include="..\..\..\..\src\deigde\editors\animator\src\gui\properties\aeWPRuleListener.h">
      <Filter>Source Files</Filter>
    </ClInclude>
    <ClInclude Include="..\..\..\..\src\deigde\editors\animator\src\gui\properties\aeWPUndoHistory.h">
      <Filter>Source Files</Filter>
    </ClInclude>
    <ClInclude Include="..\..\..\..\src\deigde\editors\animator\src\gui\properties\aeWPUndoHistoryListener.h">
      <Filter>Source Files</Filter>
    </ClInclude>
    <ClInclude Include="..\..\..\..\src\deigde\editors\animator\src\gui\properties\aeWPView.h">
      <Filter>Source Files</Filter>
    </ClInclude>
    <ClInclude Include="..\..\..\..\src\deigde\editors\animator\src\gui\properties\aeWPViewListener.h">
      <Filter>Source Files</Filter>
    </ClInclude>
    <ClInclude Include="..\..\..\..\src\deigde\editors\animator\src\gui\properties\panels\aeWPAPanelRule.h">
      <Filter>Source Files</Filter>
    </ClInclude>
    <ClInclude Include="..\..\..\..\src\deigde\editors\animator\src\gui\properties\panels\aeWPAPanelRuleAnimation.h">
      <Filter>Source Files</Filter>
    </ClInclude>
    <ClInclude Include="..\..\..\..\src\deigde\editors\animator\src\gui\properties\panels\aeWPAPanelRuleAnimationDifference.h">
      <Filter>Source Files</Filter>
    </ClInclude>
    <ClInclude Include="..\..\..\..\src\deigde\editors\animator\src\gui\properties\panels\aeWPAPanelRuleAnimationSelect.h">
      <Filter>Source Files</Filter>
    </ClInclude>
    <ClInclude Include="..\..\..\..\src\deigde\editors\animator\src\gui\properties\panels\aeWPAPanelRuleBoneTransformator.h">
      <Filter>Source Files</Filter>
    </ClInclude>
    <ClInclude Include="..\..\..\..\src\deigde\editors\animator\src\gui\properties\panels\aeWPAPanelRuleForeignState.h">
      <Filter>Source Files</Filter>
    </ClInclude>
    <ClInclude Include="..\..\..\..\src\deigde\editors\animator\src\gui\properties\panels\aeWPAPanelRuleGroup.h">
      <Filter>Source Files</Filter>
    </ClInclude>
    <ClInclude Include="..\..\..\..\src\deigde\editors\animator\src\gui\properties\panels\aeWPAPanelRuleInverseKinematic.h">
      <Filter>Source Files</Filter>
    </ClInclude>
    <ClInclude Include="..\..\..\..\src\deigde\editors\animator\src\gui\properties\panels\aeWPAPanelRuleLimit.h">
      <Filter>Source Files</Filter>
    </ClInclude>
    <ClInclude Include="..\..\..\..\src\deigde\editors\animator\src\gui\properties\panels\aeWPAPanelRuleMirror.h">
      <Filter>Source Files</Filter>
    </ClInclude>
    <ClInclude Include="..\..\..\..\src\deigde\editors\animator\src\gui\properties\panels\aeWPAPanelRuleStateManipulator.h">
      <Filter>Source Files</Filter>
    </ClInclude>
    <ClInclude Include="..\..\..\..\src\deigde\editors\animator\src\gui\properties\panels\aeWPAPanelRuleStateSnapshot.h">
      <Filter>Source Files</Filter>
    </ClInclude>
    <ClInclude Include="..\..\..\..\src\deigde\editors\animator\src\gui\properties\panels\aeWPAPanelRuleSubAnimator.h">
      <Filter>Source Files</Filter>
    </ClInclude>
    <ClInclude Include="..\..\..\..\src\deigde\editors\animator\src\gui\properties\panels\aeWPAPanelRuleTrackTo.h">
      <Filter>Source Files</Filter>
    </ClInclude>
    <ClInclude Include="..\..\..\..\src\deigde\editors\animator\src\loadsave\aeLoadSaveAttachmentConfig.h">
      <Filter>Source Files</Filter>
    </ClInclude>
    <ClInclude Include="..\..\..\..\src\deigde\editors\animator\src\loadsave\aeLoadSaveSystem.h">
      <Filter>Source Files</Filter>
    </ClInclude>
    <ClInclude Include="..\..\..\..\src\deigde\editors\animator\src\loadsave\aeLSAnimator.h">
      <Filter>Source Files</Filter>
    </ClInclude>
    <ClInclude Include="..\..\..\..\src\deigde\editors\animator\src\undosys\animator\aeUAnimatorAddBone.h">
      <Filter>Source Files</Filter>
    </ClInclude>
    <ClInclude Include="..\..\..\..\src\deigde\editors\animator\src\undosys\animator\aeUAnimatorMirrorBones.h">
      <Filter>Source Files</Filter>
    </ClInclude>
    <ClInclude Include="..\..\..\..\src\deigde\editors\animator\src\undosys\animator\aeUAnimatorRemoveBone.h">
      <Filter>Source Files</Filter>
    </ClInclude>
    <ClInclude Include="..\..\..\..\src\deigde\editors\animator\src\undosys\animator\aeUAnimatorSetAnimationPath.h">
      <Filter>Source Files</Filter>
    </ClInclude>
    <ClInclude Include="..\..\..\..\src\deigde\editors\animator\src\undosys\animator\aeUAnimatorSetBones.h">
      <Filter>Source Files</Filter>
    </ClInclude>
    <ClInclude Include="..\..\..\..\src\deigde\editors\animator\src\undosys\animator\aeUAnimatorSetRigPath.h">
      <Filter>Source Files</Filter>
    </ClInclude>
    <ClInclude Include="..\..\..\..\src\deigde\editors\animator\src\undosys\controller\aeUAddController.h">
      <Filter>Source Files</Filter>
    </ClInclude>
    <ClInclude Include="..\..\..\..\src\deigde\editors\animator\src\undosys\controller\aeUControllerPaste.h">
      <Filter>Source Files</Filter>
    </ClInclude>
    <ClInclude Include="..\..\..\..\src\deigde\editors\animator\src\undosys\controller\aeUControllerSetFromMove.h">
      <Filter>Source Files</Filter>
    </ClInclude>
    <ClInclude Include="..\..\..\..\src\deigde\editors\animator\src\undosys\controller\aeUControllerSetMaximumValue.h">
      <Filter>Source Files</Filter>
    </ClInclude>
    <ClInclude Include="..\..\..\..\src\deigde\editors\animator\src\undosys\controller\aeUControllerSetMinimumValue.h">
      <Filter>Source Files</Filter>
    </ClInclude>
    <ClInclude Include="..\..\..\..\src\deigde\editors\animator\src\undosys\controller\aeUControllerSetName.h">
      <Filter>Source Files</Filter>
    </ClInclude>
    <ClInclude Include="..\..\..\..\src\deigde\editors\animator\src\undosys\controller\aeUControllerToggleClamp.h">
      <Filter>Source Files</Filter>
    </ClInclude>
    <ClInclude Include="..\..\..\..\src\deigde\editors\animator\src\undosys\controller\aeUControllerToggleFrozen.h">
      <Filter>Source Files</Filter>
    </ClInclude>
    <ClInclude Include="..\..\..\..\src\deigde\editors\animator\src\undosys\controller\aeUMoveControllerDown.h">
      <Filter>Source Files</Filter>
    </ClInclude>
    <ClInclude Include="..\..\..\..\src\deigde\editors\animator\src\undosys\controller\aeUMoveControllerUp.h">
      <Filter>Source Files</Filter>
    </ClInclude>
    <ClInclude Include="..\..\..\..\src\deigde\editors\animator\src\undosys\controller\aeURemoveController.h">
      <Filter>Source Files</Filter>
    </ClInclude>
    <ClInclude Include="..\..\..\..\src\deigde\editors\animator\src\undosys\link\aeULinkAdd.h">
      <Filter>Source Files</Filter>
    </ClInclude>
    <ClInclude Include="..\..\..\..\src\deigde\editors\animator\src\undosys\link\aeULinkPaste.h">
      <Filter>Source Files</Filter>
    </ClInclude>
    <ClInclude Include="..\..\..\..\src\deigde\editors\animator\src\undosys\link\aeULinkRemove.h">
      <Filter>Source Files</Filter>
    </ClInclude>
    <ClInclude Include="..\..\..\..\src\deigde\editors\animator\src\undosys\link\aeULinkRemoveUnused.h">
      <Filter>Source Files</Filter>
    </ClInclude>
    <ClInclude Include="..\..\..\..\src\deigde\editors\animator\src\undosys\link\aeULinkSetBone.h">
      <Filter>Source Files</Filter>
    </ClInclude>
    <ClInclude Include="..\..\..\..\src\deigde\editors\animator\src\undosys\link\aeULinkSetBoneMaximum.h">
      <Filter>Source Files</Filter>
    </ClInclude>
    <ClInclude Include="..\..\..\..\src\deigde\editors\animator\src\undosys\link\aeULinkSetBoneMinimum.h">
      <Filter>Source Files</Filter>
    </ClInclude>
    <ClInclude Include="..\..\..\..\src\deigde\editors\animator\src\undosys\link\aeULinkSetBoneParameter.h">
      <Filter>Source Files</Filter>
    </ClInclude>
    <ClInclude Include="..\..\..\..\src\deigde\editors\animator\src\undosys\link\aeULinkSetController.h">
      <Filter>Source Files</Filter>
    </ClInclude>
    <ClInclude Include="..\..\..\..\src\deigde\editors\animator\src\undosys\link\aeULinkSetCurve.h">
      <Filter>Source Files</Filter>
    </ClInclude>
    <ClInclude Include="..\..\..\..\src\deigde\editors\animator\src\undosys\link\aeULinkSetName.h">
      <Filter>Source Files</Filter>
    </ClInclude>
    <ClInclude Include="..\..\..\..\src\deigde\editors\animator\src\undosys\link\aeULinkSetRepeat.h">
      <Filter>Source Files</Filter>
    </ClInclude>
    <ClInclude Include="..\..\..\..\src\deigde\editors\animator\src\undosys\link\aeULinkToggleWrapY.h">
      <Filter>Source Files</Filter>
    </ClInclude>
    <ClInclude Include="..\..\..\..\src\deigde\editors\animator\src\undosys\rule\aeUAddRule.h">
      <Filter>Source Files</Filter>
    </ClInclude>
    <ClInclude Include="..\..\..\..\src\deigde\editors\animator\src\undosys\rule\aeUMoveRuleDown.h">
      <Filter>Source Files</Filter>
    </ClInclude>
    <ClInclude Include="..\..\..\..\src\deigde\editors\animator\src\undosys\rule\aeUMoveRuleUp.h">
      <Filter>Source Files</Filter>
    </ClInclude>
    <ClInclude Include="..\..\..\..\src\deigde\editors\animator\src\undosys\rule\aeUPasteRule.h">
      <Filter>Source Files</Filter>
    </ClInclude>
    <ClInclude Include="..\..\..\..\src\deigde\editors\animator\src\undosys\rule\aeURemoveRule.h">
      <Filter>Source Files</Filter>
    </ClInclude>
    <ClInclude Include="..\..\..\..\src\deigde\editors\animator\src\undosys\rule\aeURuleMirrorBones.h">
      <Filter>Source Files</Filter>
    </ClInclude>
    <ClInclude Include="..\..\..\..\src\deigde\editors\animator\src\undosys\rule\aeURulePasteBones.h">
      <Filter>Source Files</Filter>
    </ClInclude>
    <ClInclude Include="..\..\..\..\src\deigde\editors\animator\src\undosys\rule\aeURuleTargetAddLink.h">
      <Filter>Source Files</Filter>
    </ClInclude>
    <ClInclude Include="..\..\..\..\src\deigde\editors\animator\src\undosys\rule\aeURuleTargetRemoveAllLinks.h">
      <Filter>Source Files</Filter>
    </ClInclude>
    <ClInclude Include="..\..\..\..\src\deigde\editors\animator\src\undosys\rule\aeURuleTargetRemoveLink.h">
      <Filter>Source Files</Filter>
    </ClInclude>
    <ClInclude Include="..\..\..\..\src\deigde\editors\animator\src\undosys\rule\aeUSetRuleAddBone.h">
      <Filter>Source Files</Filter>
    </ClInclude>
    <ClInclude Include="..\..\..\..\src\deigde\editors\animator\src\undosys\rule\aeUSetRuleBlendFactor.h">
      <Filter>Source Files</Filter>
    </ClInclude>
    <ClInclude Include="..\..\..\..\src\deigde\editors\animator\src\undosys\rule\aeUSetRuleBlendMode.h">
      <Filter>Source Files</Filter>
    </ClInclude>
    <ClInclude Include="..\..\..\..\src\deigde\editors\animator\src\undosys\rule\aeUSetRuleBones.h">
      <Filter>Source Files</Filter>
    </ClInclude>
    <ClInclude Include="..\..\..\..\src\deigde\editors\animator\src\undosys\rule\aeUSetRuleEnabled.h">
      <Filter>Source Files</Filter>
    </ClInclude>
    <ClInclude Include="..\..\..\..\src\deigde\editors\animator\src\undosys\rule\aeUSetRuleName.h">
      <Filter>Source Files</Filter>
    </ClInclude>
    <ClInclude Include="..\..\..\..\src\deigde\editors\animator\src\undosys\rule\aeUSetRuleRemoveAllBones.h">
      <Filter>Source Files</Filter>
    </ClInclude>
    <ClInclude Include="..\..\..\..\src\deigde\editors\animator\src\undosys\rule\aeUSetRuleRemoveBone.h">
      <Filter>Source Files</Filter>
    </ClInclude>
    <ClInclude Include="..\..\..\..\src\deigde\editors\animator\src\undosys\rule\aeUToggleRuleInvertBlendFactor.h">
      <Filter>Source Files</Filter>
    </ClInclude>
    <ClInclude Include="..\..\..\..\src\deigde\editors\animator\src\undosys\rule\animation\aeURuleAnimToggleEnablePosition.h">
      <Filter>Source Files</Filter>
    </ClInclude>
    <ClInclude Include="..\..\..\..\src\deigde\editors\animator\src\undosys\rule\animation\aeURuleAnimToggleEnableRotation.h">
      <Filter>Source Files</Filter>
    </ClInclude>
    <ClInclude Include="..\..\..\..\src\deigde\editors\animator\src\undosys\rule\animation\aeURuleAnimToggleEnableSize.h">
      <Filter>Source Files</Filter>
    </ClInclude>
    <ClInclude Include="..\..\..\..\src\deigde\editors\animator\src\undosys\rule\animation\aeUSetRuleAnimMoveName.h">
      <Filter>Source Files</Filter>
    </ClInclude>
    <ClInclude Include="..\..\..\..\src\deigde\editors\animator\src\undosys\rule\animation\aeUSetRuleAnimMoveTime.h">
      <Filter>Source Files</Filter>
    </ClInclude>
    <ClInclude Include="..\..\..\..\src\deigde\editors\animator\src\undosys\rule\animdiff\aeURuleAnimDiffToggleEnablePosition.h">
      <Filter>Source Files</Filter>
    </ClInclude>
    <ClInclude Include="..\..\..\..\src\deigde\editors\animator\src\undosys\rule\animdiff\aeURuleAnimDiffToggleEnableRotation.h">
      <Filter>Source Files</Filter>
    </ClInclude>
    <ClInclude Include="..\..\..\..\src\deigde\editors\animator\src\undosys\rule\animdiff\aeURuleAnimDiffToggleEnableSize.h">
      <Filter>Source Files</Filter>
    </ClInclude>
    <ClInclude Include="..\..\..\..\src\deigde\editors\animator\src\undosys\rule\animdiff\aeUSetRuleAniDLeadMoveName.h">
      <Filter>Source Files</Filter>
    </ClInclude>
    <ClInclude Include="..\..\..\..\src\deigde\editors\animator\src\undosys\rule\animdiff\aeUSetRuleAniDLeadMoveTime.h">
      <Filter>Source Files</Filter>
    </ClInclude>
    <ClInclude Include="..\..\..\..\src\deigde\editors\animator\src\undosys\rule\animdiff\aeUSetRuleAniDRefMoveName.h">
      <Filter>Source Files</Filter>
    </ClInclude>
    <ClInclude Include="..\..\..\..\src\deigde\editors\animator\src\undosys\rule\animdiff\aeUSetRuleAniDRefMoveTime.h">
      <Filter>Source Files</Filter>
    </ClInclude>
    <ClInclude Include="..\..\..\..\src\deigde\editors\animator\src\undosys\rule\animselect\aeURuleAnimSelectSetMoves.h">
      <Filter>Source Files</Filter>
    </ClInclude>
    <ClInclude Include="..\..\..\..\src\deigde\editors\animator\src\undosys\rule\animselect\aeURuleAnimSelectToggleEnablePosition.h">
      <Filter>Source Files</Filter>
    </ClInclude>
    <ClInclude Include="..\..\..\..\src\deigde\editors\animator\src\undosys\rule\animselect\aeURuleAnimSelectToggleEnableRotation.h">
      <Filter>Source Files</Filter>
    </ClInclude>
    <ClInclude Include="..\..\..\..\src\deigde\editors\animator\src\undosys\rule\animselect\aeURuleAnimSelectToggleEnableSize.h">
      <Filter>Source Files</Filter>
    </ClInclude>
    <ClInclude Include="..\..\..\..\src\deigde\editors\animator\src\undosys\rule\bonetrans\aeURuleBTransSetAxis.h">
      <Filter>Source Files</Filter>
    </ClInclude>
    <ClInclude Include="..\..\..\..\src\deigde\editors\animator\src\undosys\rule\bonetrans\aeURuleBTransSetCFrame.h">
      <Filter>Source Files</Filter>
    </ClInclude>
    <ClInclude Include="..\..\..\..\src\deigde\editors\animator\src\undosys\rule\bonetrans\aeURuleBTransSetEnableOrien.h">
      <Filter>Source Files</Filter>
    </ClInclude>
    <ClInclude Include="..\..\..\..\src\deigde\editors\animator\src\undosys\rule\bonetrans\aeURuleBTransSetEnablePos.h">
      <Filter>Source Files</Filter>
    </ClInclude>
    <ClInclude Include="..\..\..\..\src\deigde\editors\animator\src\undosys\rule\bonetrans\aeURuleBTransSetEnableSize.h">
      <Filter>Source Files</Filter>
    </ClInclude>
    <ClInclude Include="..\..\..\..\src\deigde\editors\animator\src\undosys\rule\bonetrans\aeURuleBTransSetMaxAngle.h">
      <Filter>Source Files</Filter>
    </ClInclude>
    <ClInclude Include="..\..\..\..\src\deigde\editors\animator\src\undosys\rule\bonetrans\aeURuleBTransSetMinAngle.h">
      <Filter>Source Files</Filter>
    </ClInclude>
    <ClInclude Include="..\..\..\..\src\deigde\editors\animator\src\undosys\rule\bonetrans\aeURuleBTransSetRotMax.h">
      <Filter>Source Files</Filter>
    </ClInclude>
    <ClInclude Include="..\..\..\..\src\deigde\editors\animator\src\undosys\rule\bonetrans\aeURuleBTransSetRotMin.h">
      <Filter>Source Files</Filter>
    </ClInclude>
    <ClInclude Include="..\..\..\..\src\deigde\editors\animator\src\undosys\rule\bonetrans\aeURuleBTransSetScaleMax.h">
      <Filter>Source Files</Filter>
    </ClInclude>
    <ClInclude Include="..\..\..\..\src\deigde\editors\animator\src\undosys\rule\bonetrans\aeURuleBTransSetScaleMin.h">
      <Filter>Source Files</Filter>
    </ClInclude>
    <ClInclude Include="..\..\..\..\src\deigde\editors\animator\src\undosys\rule\bonetrans\aeURuleBTransSetTargetBone.h">
      <Filter>Source Files</Filter>
    </ClInclude>
    <ClInclude Include="..\..\..\..\src\deigde\editors\animator\src\undosys\rule\bonetrans\aeURuleBTransSetTransMax.h">
      <Filter>Source Files</Filter>
    </ClInclude>
    <ClInclude Include="..\..\..\..\src\deigde\editors\animator\src\undosys\rule\bonetrans\aeURuleBTransSetTransMin.h">
      <Filter>Source Files</Filter>
    </ClInclude>
    <ClInclude Include="..\..\..\..\src\deigde\editors\animator\src\undosys\rule\bonetrans\aeURuleBTransSetUseAxis.h">
      <Filter>Source Files</Filter>
    </ClInclude>
    <ClInclude Include="..\..\..\..\src\deigde\editors\animator\src\undosys\rule\foreignstate\aeUSetRuleFStaBone.h">
      <Filter>Source Files</Filter>
    </ClInclude>
    <ClInclude Include="..\..\..\..\src\deigde\editors\animator\src\undosys\rule\foreignstate\aeUSetRuleFStaDestCFrame.h">
      <Filter>Source Files</Filter>
    </ClInclude>
    <ClInclude Include="..\..\..\..\src\deigde\editors\animator\src\undosys\rule\foreignstate\aeUSetRuleFStaEnablePos.h">
      <Filter>Source Files</Filter>
    </ClInclude>
    <ClInclude Include="..\..\..\..\src\deigde\editors\animator\src\undosys\rule\foreignstate\aeUSetRuleFStaEnableRot.h">
      <Filter>Source Files</Filter>
    </ClInclude>
    <ClInclude Include="..\..\..\..\src\deigde\editors\animator\src\undosys\rule\foreignstate\aeUSetRuleFStaEnableSize.h">
      <Filter>Source Files</Filter>
    </ClInclude>
    <ClInclude Include="..\..\..\..\src\deigde\editors\animator\src\undosys\rule\foreignstate\aeUSetRuleFStaPosition.h">
      <Filter>Source Files</Filter>
    </ClInclude>
    <ClInclude Include="..\..\..\..\src\deigde\editors\animator\src\undosys\rule\foreignstate\aeUSetRuleFStaRotation.h">
      <Filter>Source Files</Filter>
    </ClInclude>
    <ClInclude Include="..\..\..\..\src\deigde\editors\animator\src\undosys\rule\foreignstate\aeUSetRuleFStaSize.h">
      <Filter>Source Files</Filter>
    </ClInclude>
    <ClInclude Include="..\..\..\..\src\deigde\editors\animator\src\undosys\rule\foreignstate\aeUSetRuleFStaSrcCFrame.h">
      <Filter>Source Files</Filter>
    </ClInclude>
    <ClInclude Include="..\..\..\..\src\deigde\editors\animator\src\undosys\rule\group\aeURuleGroupAddRule.h">
      <Filter>Source Files</Filter>
    </ClInclude>
    <ClInclude Include="..\..\..\..\src\deigde\editors\animator\src\undosys\rule\group\aeURuleGroupMoveRuleDown.h">
      <Filter>Source Files</Filter>
    </ClInclude>
    <ClInclude Include="..\..\..\..\src\deigde\editors\animator\src\undosys\rule\group\aeURuleGroupMoveRuleUp.h">
      <Filter>Source Files</Filter>
    </ClInclude>
    <ClInclude Include="..\..\..\..\src\deigde\editors\animator\src\undosys\rule\group\aeURuleGroupPasteRule.h">
      <Filter>Source Files</Filter>
    </ClInclude>
    <ClInclude Include="..\..\..\..\src\deigde\editors\animator\src\undosys\rule\group\aeURuleGroupRemoveRule.h">
      <Filter>Source Files</Filter>
    </ClInclude>
    <ClInclude Include="..\..\..\..\src\deigde\editors\animator\src\undosys\rule\group\aeURuleGroupSetApplicationType.h">
      <Filter>Source Files</Filter>
    </ClInclude>
    <ClInclude Include="..\..\..\..\src\deigde\editors\animator\src\undosys\rule\group\aeURuleGroupToggleEnablePosition.h">
      <Filter>Source Files</Filter>
    </ClInclude>
    <ClInclude Include="..\..\..\..\src\deigde\editors\animator\src\undosys\rule\group\aeURuleGroupToggleEnableRotation.h">
      <Filter>Source Files</Filter>
    </ClInclude>
    <ClInclude Include="..\..\..\..\src\deigde\editors\animator\src\undosys\rule\group\aeURuleGroupToggleEnableSize.h">
      <Filter>Source Files</Filter>
    </ClInclude>
    <ClInclude Include="..\..\..\..\src\deigde\editors\animator\src\undosys\rule\group\aeURuleGroupToggleUseCurrentState.h">
      <Filter>Source Files</Filter>
    </ClInclude>
    <ClInclude Include="..\..\..\..\src\deigde\editors\animator\src\undosys\rule\ik\aeURuleIKSetAdjustOrientation.h">
      <Filter>Source Files</Filter>
    </ClInclude>
    <ClInclude Include="..\..\..\..\src\deigde\editors\animator\src\undosys\rule\ik\aeURuleIKSetGoalPosition.h">
      <Filter>Source Files</Filter>
    </ClInclude>
    <ClInclude Include="..\..\..\..\src\deigde\editors\animator\src\undosys\rule\ik\aeURuleIKSetGoalRotation.h">
      <Filter>Source Files</Filter>
    </ClInclude>
    <ClInclude Include="..\..\..\..\src\deigde\editors\animator\src\undosys\rule\ik\aeURuleIKSetLocalPosition.h">
      <Filter>Source Files</Filter>
    </ClInclude>
    <ClInclude Include="..\..\..\..\src\deigde\editors\animator\src\undosys\rule\ik\aeURuleIKSetLocalRotation.h">
      <Filter>Source Files</Filter>
    </ClInclude>
    <ClInclude Include="..\..\..\..\src\deigde\editors\animator\src\undosys\rule\ik\aeURuleIKSetReachBone.h">
      <Filter>Source Files</Filter>
    </ClInclude>
    <ClInclude Include="..\..\..\..\src\deigde\editors\animator\src\undosys\rule\ik\aeURuleIKSetReachCenter.h">
      <Filter>Source Files</Filter>
    </ClInclude>
    <ClInclude Include="..\..\..\..\src\deigde\editors\animator\src\undosys\rule\ik\aeURuleIKSetReachRange.h">
      <Filter>Source Files</Filter>
    </ClInclude>
    <ClInclude Include="..\..\..\..\src\deigde\editors\animator\src\undosys\rule\ik\aeURuleIKSetSolverBone.h">
      <Filter>Source Files</Filter>
    </ClInclude>
    <ClInclude Include="..\..\..\..\src\deigde\editors\animator\src\undosys\rule\ik\aeURuleIKSetUseSolverBone.h">
      <Filter>Source Files</Filter>
    </ClInclude>
    <ClInclude Include="..\..\..\..\src\deigde\editors\animator\src\undosys\rule\limit\aeURuleLimitSetCFrame.h">
      <Filter>Source Files</Filter>
    </ClInclude>
    <ClInclude Include="..\..\..\..\src\deigde\editors\animator\src\undosys\rule\limit\aeURuleLimitSetEnablePosXMax.h">
      <Filter>Source Files</Filter>
    </ClInclude>
    <ClInclude Include="..\..\..\..\src\deigde\editors\animator\src\undosys\rule\limit\aeURuleLimitSetEnablePosXMin.h">
      <Filter>Source Files</Filter>
    </ClInclude>
    <ClInclude Include="..\..\..\..\src\deigde\editors\animator\src\undosys\rule\limit\aeURuleLimitSetEnablePosYMax.h">
      <Filter>Source Files</Filter>
    </ClInclude>
    <ClInclude Include="..\..\..\..\src\deigde\editors\animator\src\undosys\rule\limit\aeURuleLimitSetEnablePosYMin.h">
      <Filter>Source Files</Filter>
    </ClInclude>
    <ClInclude Include="..\..\..\..\src\deigde\editors\animator\src\undosys\rule\limit\aeURuleLimitSetEnablePosZMax.h">
      <Filter>Source Files</Filter>
    </ClInclude>
    <ClInclude Include="..\..\..\..\src\deigde\editors\animator\src\undosys\rule\limit\aeURuleLimitSetEnablePosZMin.h">
      <Filter>Source Files</Filter>
    </ClInclude>
    <ClInclude Include="..\..\..\..\src\deigde\editors\animator\src\undosys\rule\limit\aeURuleLimitSetEnableRotXMax.h">
      <Filter>Source Files</Filter>
    </ClInclude>
    <ClInclude Include="..\..\..\..\src\deigde\editors\animator\src\undosys\rule\limit\aeURuleLimitSetEnableRotXMin.h">
      <Filter>Source Files</Filter>
    </ClInclude>
    <ClInclude Include="..\..\..\..\src\deigde\editors\animator\src\undosys\rule\limit\aeURuleLimitSetEnableRotYMax.h">
      <Filter>Source Files</Filter>
    </ClInclude>
    <ClInclude Include="..\..\..\..\src\deigde\editors\animator\src\undosys\rule\limit\aeURuleLimitSetEnableRotYMin.h">
      <Filter>Source Files</Filter>
    </ClInclude>
    <ClInclude Include="..\..\..\..\src\deigde\editors\animator\src\undosys\rule\limit\aeURuleLimitSetEnableRotZMax.h">
      <Filter>Source Files</Filter>
    </ClInclude>
    <ClInclude Include="..\..\..\..\src\deigde\editors\animator\src\undosys\rule\limit\aeURuleLimitSetEnableRotZMin.h">
      <Filter>Source Files</Filter>
    </ClInclude>
    <ClInclude Include="..\..\..\..\src\deigde\editors\animator\src\undosys\rule\limit\aeURuleLimitSetEnableScaleXMax.h">
      <Filter>Source Files</Filter>
    </ClInclude>
    <ClInclude Include="..\..\..\..\src\deigde\editors\animator\src\undosys\rule\limit\aeURuleLimitSetEnableScaleXMin.h">
      <Filter>Source Files</Filter>
    </ClInclude>
    <ClInclude Include="..\..\..\..\src\deigde\editors\animator\src\undosys\rule\limit\aeURuleLimitSetEnableScaleYMax.h">
      <Filter>Source Files</Filter>
    </ClInclude>
    <ClInclude Include="..\..\..\..\src\deigde\editors\animator\src\undosys\rule\limit\aeURuleLimitSetEnableScaleYMin.h">
      <Filter>Source Files</Filter>
    </ClInclude>
    <ClInclude Include="..\..\..\..\src\deigde\editors\animator\src\undosys\rule\limit\aeURuleLimitSetEnableScaleZMax.h">
      <Filter>Source Files</Filter>
    </ClInclude>
    <ClInclude Include="..\..\..\..\src\deigde\editors\animator\src\undosys\rule\limit\aeURuleLimitSetEnableScaleZMin.h">
      <Filter>Source Files</Filter>
    </ClInclude>
    <ClInclude Include="..\..\..\..\src\deigde\editors\animator\src\undosys\rule\limit\aeURuleLimitSetPosMax.h">
      <Filter>Source Files</Filter>
    </ClInclude>
    <ClInclude Include="..\..\..\..\src\deigde\editors\animator\src\undosys\rule\limit\aeURuleLimitSetPosMin.h">
      <Filter>Source Files</Filter>
    </ClInclude>
    <ClInclude Include="..\..\..\..\src\deigde\editors\animator\src\undosys\rule\limit\aeURuleLimitSetRotMax.h">
      <Filter>Source Files</Filter>
    </ClInclude>
    <ClInclude Include="..\..\..\..\src\deigde\editors\animator\src\undosys\rule\limit\aeURuleLimitSetRotMin.h">
      <Filter>Source Files</Filter>
    </ClInclude>
    <ClInclude Include="..\..\..\..\src\deigde\editors\animator\src\undosys\rule\limit\aeURuleLimitSetScaleMax.h">
      <Filter>Source Files</Filter>
    </ClInclude>
    <ClInclude Include="..\..\..\..\src\deigde\editors\animator\src\undosys\rule\limit\aeURuleLimitSetScaleMin.h">
      <Filter>Source Files</Filter>
    </ClInclude>
    <ClInclude Include="..\..\..\..\src\deigde\editors\animator\src\undosys\rule\limit\aeURuleLimitSetTargetBone.h">
      <Filter>Source Files</Filter>
    </ClInclude>
    <ClInclude Include="..\..\..\..\src\deigde\editors\animator\src\undosys\rule\mirror\aeURuleMirrorAddMatchName.h">
      <Filter>Source Files</Filter>
    </ClInclude>
    <ClInclude Include="..\..\..\..\src\deigde\editors\animator\src\undosys\rule\mirror\aeURuleMirrorRemoveAllMatchNames.h">
      <Filter>Source Files</Filter>
    </ClInclude>
    <ClInclude Include="..\..\..\..\src\deigde\editors\animator\src\undosys\rule\mirror\aeURuleMirrorRemoveMatchName.h">
      <Filter>Source Files</Filter>
    </ClInclude>
    <ClInclude Include="..\..\..\..\src\deigde\editors\animator\src\undosys\rule\mirror\aeURuleMirrorSetAxis.h">
      <Filter>Source Files</Filter>
    </ClInclude>
    <ClInclude Include="..\..\..\..\src\deigde\editors\animator\src\undosys\rule\mirror\aeURuleMirrorSetEnablePosition.h">
      <Filter>Source Files</Filter>
    </ClInclude>
    <ClInclude Include="..\..\..\..\src\deigde\editors\animator\src\undosys\rule\mirror\aeURuleMirrorSetEnableRotation.h">
      <Filter>Source Files</Filter>
    </ClInclude>
    <ClInclude Include="..\..\..\..\src\deigde\editors\animator\src\undosys\rule\mirror\aeURuleMirrorSetEnableSize.h">
      <Filter>Source Files</Filter>
    </ClInclude>
    <ClInclude Include="..\..\..\..\src\deigde\editors\animator\src\undosys\rule\mirror\aeURuleMirrorSetMatchName.h">
      <Filter>Source Files</Filter>
    </ClInclude>
    <ClInclude Include="..\..\..\..\src\deigde\editors\animator\src\undosys\rule\mirror\aeURuleMirrorSetMirrorBone.h">
      <Filter>Source Files</Filter>
    </ClInclude>
    <ClInclude Include="..\..\..\..\src\deigde\editors\animator\src\undosys\rule\snapshot\aeURuleSnapSetID.h">
      <Filter>Source Files</Filter>
    </ClInclude>
    <ClInclude Include="..\..\..\..\src\deigde\editors\animator\src\undosys\rule\snapshot\aeURuleSnapToggleEnablePosition.h">
      <Filter>Source Files</Filter>
    </ClInclude>
    <ClInclude Include="..\..\..\..\src\deigde\editors\animator\src\undosys\rule\snapshot\aeURuleSnapToggleEnableRotation.h">
      <Filter>Source Files</Filter>
    </ClInclude>
    <ClInclude Include="..\..\..\..\src\deigde\editors\animator\src\undosys\rule\snapshot\aeURuleSnapToggleEnableSize.h">
      <Filter>Source Files</Filter>
    </ClInclude>
    <ClInclude Include="..\..\..\..\src\deigde\editors\animator\src\undosys\rule\snapshot\aeUSetRuleSnapUseLast.h">
      <Filter>Source Files</Filter>
    </ClInclude>
    <ClInclude Include="..\..\..\..\src\deigde\editors\animator\src\undosys\rule\statemanip\aeUSetRuleSModEnablePos.h">
      <Filter>Source Files</Filter>
    </ClInclude>
    <ClInclude Include="..\..\..\..\src\deigde\editors\animator\src\undosys\rule\statemanip\aeUSetRuleSModEnableRot.h">
      <Filter>Source Files</Filter>
    </ClInclude>
    <ClInclude Include="..\..\..\..\src\deigde\editors\animator\src\undosys\rule\statemanip\aeUSetRuleSModEnableSize.h">
      <Filter>Source Files</Filter>
    </ClInclude>
    <ClInclude Include="..\..\..\..\src\deigde\editors\animator\src\undosys\rule\statemanip\aeUSetRuleSModMaxPosition.h">
      <Filter>Source Files</Filter>
    </ClInclude>
    <ClInclude Include="..\..\..\..\src\deigde\editors\animator\src\undosys\rule\statemanip\aeUSetRuleSModMaxRotation.h">
      <Filter>Source Files</Filter>
    </ClInclude>
    <ClInclude Include="..\..\..\..\src\deigde\editors\animator\src\undosys\rule\statemanip\aeUSetRuleSModMaxSize.h">
      <Filter>Source Files</Filter>
    </ClInclude>
    <ClInclude Include="..\..\..\..\src\deigde\editors\animator\src\undosys\rule\statemanip\aeUSetRuleSModMinPosition.h">
      <Filter>Source Files</Filter>
    </ClInclude>
    <ClInclude Include="..\..\..\..\src\deigde\editors\animator\src\undosys\rule\statemanip\aeUSetRuleSModMinRotation.h">
      <Filter>Source Files</Filter>
    </ClInclude>
    <ClInclude Include="..\..\..\..\src\deigde\editors\animator\src\undosys\rule\statemanip\aeUSetRuleSModMinSize.h">
      <Filter>Source Files</Filter>
    </ClInclude>
    <ClInclude Include="..\..\..\..\src\deigde\editors\animator\src\undosys\rule\subanimator\aeURuleSASetConController.h">
      <Filter>Source Files</Filter>
    </ClInclude>
    <ClInclude Include="..\..\..\..\src\deigde\editors\animator\src\undosys\rule\subanimator\aeURuleSASetPathAnimator.h">
      <Filter>Source Files</Filter>
    </ClInclude>
    <ClInclude Include="..\..\..\..\src\deigde\editors\animator\src\undosys\rule\subanimator\aeURuleSubAnimToggleEnablePosition.h">
      <Filter>Source Files</Filter>
    </ClInclude>
    <ClInclude Include="..\..\..\..\src\deigde\editors\animator\src\undosys\rule\subanimator\aeURuleSubAnimToggleEnableRotation.h">
      <Filter>Source Files</Filter>
    </ClInclude>
    <ClInclude Include="..\..\..\..\src\deigde\editors\animator\src\undosys\rule\subanimator\aeURuleSubAnimToggleEnableSize.h">
      <Filter>Source Files</Filter>
    </ClInclude>
    <ClInclude Include="..\..\..\..\src\deigde\editors\animator\src\undosys\rule\trackto\aeURuleTrackToSetLockedAxis.h">
      <Filter>Source Files</Filter>
    </ClInclude>
    <ClInclude Include="..\..\..\..\src\deigde\editors\animator\src\undosys\rule\trackto\aeURuleTrackToSetTrackAxis.h">
      <Filter>Source Files</Filter>
    </ClInclude>
    <ClInclude Include="..\..\..\..\src\deigde\editors\animator\src\undosys\rule\trackto\aeURuleTrackToSetTrackBone.h">
      <Filter>Source Files</Filter>
    </ClInclude>
    <ClInclude Include="..\..\..\..\src\deigde\editors\animator\src\undosys\rule\trackto\aeURuleTrackToSetUpAxis.h">
      <Filter>Source Files</Filter>
    </ClInclude>
    <ClInclude Include="..\..\..\..\src\deigde\editors\animator\src\undosys\rule\trackto\aeURuleTrackToSetUpTarget.h">
      <Filter>Source Files</Filter>
    </ClInclude>
    <ClInclude Include="..\..\..\..\src\deigde\editors\animator\src\visitors\aeCLClosestHit.h">
      <Filter>Source Files</Filter>
    </ClInclude>
  </ItemGroup>
</Project>